
Microsoft Visual Studio Solution File, Format Version 12.00
# Visual Studio Version 17
VisualStudioVersion = 17.11.35312.102
MinimumVisualStudioVersion = 10.0.40219.1
Project("{9A19103F-16F7-4668-BE54-9A1E7A4F7556}") = "CatFacts", "CatFacts\CatFacts.csproj", "{71BA6D0F-A186-4D2D-969F-8F0A2FA7D62E}"
EndProject
Project("{FAE04EC0-301F-11D3-BF4B-00C04F79EFBC}") = "CatFactsUnitTest", "CatFactsUnitTest\CatFactsUnitTest.csproj", "{3B3D9DA9-5E8C-4C2F-B86A-C133F4D28B66}"
EndProject
Global
	GlobalSection(SolutionConfigurationPlatforms) = preSolution
		Debug|Any CPU = Debug|Any CPU
		Release|Any CPU = Release|Any CPU
	EndGlobalSection
	GlobalSection(ProjectConfigurationPlatforms) = postSolution
		{71BA6D0F-A186-4D2D-969F-8F0A2FA7D62E}.Debug|Any CPU.ActiveCfg = Debug|Any CPU
		{71BA6D0F-A186-4D2D-969F-8F0A2FA7D62E}.Debug|Any CPU.Build.0 = Debug|Any CPU
		{71BA6D0F-A186-4D2D-969F-8F0A2FA7D62E}.Release|Any CPU.ActiveCfg = Release|Any CPU
		{71BA6D0F-A186-4D2D-969F-8F0A2FA7D62E}.Release|Any CPU.Build.0 = Release|Any CPU
		{3B3D9DA9-5E8C-4C2F-B86A-C133F4D28B66}.Debug|Any CPU.ActiveCfg = Debug|Any CPU
		{3B3D9DA9-5E8C-4C2F-B86A-C133F4D28B66}.Debug|Any CPU.Build.0 = Debug|Any CPU
		{3B3D9DA9-5E8C-4C2F-B86A-C133F4D28B66}.Release|Any CPU.ActiveCfg = Release|Any CPU
		{3B3D9DA9-5E8C-4C2F-B86A-C133F4D28B66}.Release|Any CPU.Build.0 = Release|Any CPU
	EndGlobalSection
	GlobalSection(SolutionProperties) = preSolution
		HideSolutionNode = FALSE
	EndGlobalSection
	GlobalSection(ExtensibilityGlobals) = postSolution
		SolutionGuid = {DF06327D-84FB-4F81-877E-7CF00E8DC486}
	EndGlobalSection
EndGlobal
